
Microsoft Visual Studio Solution File, Format Version 12.00
# Visual Studio Version 17
VisualStudioVersion = 17.6.33723.286
MinimumVisualStudioVersion = 10.0.40219.1
Project("{9A19103F-16F7-4668-BE54-9A1E7A4F7556}") = "Nightmare", "Nightmare\Nightmare.csproj", "{15203103-C77E-4FFB-8283-7A9A2AE7307A}"
EndProject
Project("{8BC9CEB8-8B4A-11D0-8D11-00A0C91BC942}") = "libxphp", "libxphp\libxphp.vcxproj", "{DAEF7EF2-0799-4308-A7A6-8B033975046B}"
EndProject
Project("{9A19103F-16F7-4668-BE54-9A1E7A4F7556}") = "XPhpModule", "XPhpModule\XPhpModule.csproj", "{14CA01DE-4014-441B-9DC8-B0071DFB6121}"
EndProject
Project("{9A19103F-16F7-4668-BE54-9A1E7A4F7556}") = "XCsModule", "XCsModule\XCsModule.csproj", "{25503A09-3901-4A44-8DAE-6D7716027426}"
EndProject
Project("{9A19103F-16F7-4668-BE54-9A1E7A4F7556}") = "XSAPI", "XSAPI\XSAPI.csproj", "{40ACB028-740C-43E8-AB61-64CCDDEFA2C7}"
EndProject
Project("{2150E333-8FDC-42A3-9474-1A3956D46DE8}") = "1. Main", "1. Main", "{E7F98D81-A484-4BE7-BEC9-0049D36E3E7F}"
EndProject
Project("{2150E333-8FDC-42A3-9474-1A3956D46DE8}") = "3. Module", "3. Module", "{BA3E1EFE-63A5-45B3-8E27-5C67739AE265}"
EndProject
Project("{2150E333-8FDC-42A3-9474-1A3956D46DE8}") = "4. Library", "4. Library", "{FC56C8D4-8F07-4DF1-AF25-1F773B3EAFA1}"
EndProject
Project("{9A19103F-16F7-4668-BE54-9A1E7A4F7556}") = "MysqlService", "MysqlService\MysqlService.csproj", "{32D50465-035D-40B1-9359-FFE552BE4094}"
EndProject
Project("{2150E333-8FDC-42A3-9474-1A3956D46DE8}") = "2. Service", "2. Service", "{B5A7D083-9F63-4418-83F3-114B7EC49543}"
EndProject
Project("{2150E333-8FDC-42A3-9474-1A3956D46DE8}") = "5. Test", "5. Test", "{EA468CFB-7033-419C-B1C9-AE907B4F7DB6}"
EndProject
Project("{8BC9CEB8-8B4A-11D0-8D11-00A0C91BC942}") = "TestCpp", "TestCpp\TestCpp.vcxproj", "{7E4DE1AD-510A-4D27-9FCE-322E6051CEE6}"
EndProject
Project("{9A19103F-16F7-4668-BE54-9A1E7A4F7556}") = "TestDotnet", "TestDotnet\TestDotnet.csproj", "{0842C9D6-821C-4FE3-936C-DB84C55B24C2}"
EndProject
Project("{2150E333-8FDC-42A3-9474-1A3956D46DE8}") = "0. Dependency Packages", "0. Dependency Packages", "{D09956E7-8410-4341-BC04-6873A2B18FBE}"
EndProject
Global
	GlobalSection(SolutionConfigurationPlatforms) = preSolution
		Debug|Any CPU = Debug|Any CPU
		Debug|x64 = Debug|x64
		Debug|x86 = Debug|x86
		Release|Any CPU = Release|Any CPU
		Release|x64 = Release|x64
		Release|x86 = Release|x86
	EndGlobalSection
	GlobalSection(ProjectConfigurationPlatforms) = postSolution
		{15203103-C77E-4FFB-8283-7A9A2AE7307A}.Debug|Any CPU.ActiveCfg = Debug|Any CPU
		{15203103-C77E-4FFB-8283-7A9A2AE7307A}.Debug|Any CPU.Build.0 = Debug|Any CPU
		{15203103-C77E-4FFB-8283-7A9A2AE7307A}.Debug|x64.ActiveCfg = Debug|Any CPU
		{15203103-C77E-4FFB-8283-7A9A2AE7307A}.Debug|x64.Build.0 = Debug|Any CPU
		{15203103-C77E-4FFB-8283-7A9A2AE7307A}.Debug|x86.ActiveCfg = Debug|Any CPU
		{15203103-C77E-4FFB-8283-7A9A2AE7307A}.Debug|x86.Build.0 = Debug|Any CPU
		{15203103-C77E-4FFB-8283-7A9A2AE7307A}.Release|Any CPU.ActiveCfg = Release|Any CPU
		{15203103-C77E-4FFB-8283-7A9A2AE7307A}.Release|Any CPU.Build.0 = Release|Any CPU
		{15203103-C77E-4FFB-8283-7A9A2AE7307A}.Release|x64.ActiveCfg = Release|Any CPU
		{15203103-C77E-4FFB-8283-7A9A2AE7307A}.Release|x64.Build.0 = Release|Any CPU
		{15203103-C77E-4FFB-8283-7A9A2AE7307A}.Release|x86.ActiveCfg = Release|Any CPU
		{15203103-C77E-4FFB-8283-7A9A2AE7307A}.Release|x86.Build.0 = Release|Any CPU
		{DAEF7EF2-0799-4308-A7A6-8B033975046B}.Debug|Any CPU.ActiveCfg = Debug|x64
		{DAEF7EF2-0799-4308-A7A6-8B033975046B}.Debug|Any CPU.Build.0 = Debug|x64
		{DAEF7EF2-0799-4308-A7A6-8B033975046B}.Debug|x64.ActiveCfg = Debug|x64
		{DAEF7EF2-0799-4308-A7A6-8B033975046B}.Debug|x64.Build.0 = Debug|x64
		{DAEF7EF2-0799-4308-A7A6-8B033975046B}.Debug|x86.ActiveCfg = Debug|Win32
		{DAEF7EF2-0799-4308-A7A6-8B033975046B}.Debug|x86.Build.0 = Debug|Win32
		{DAEF7EF2-0799-4308-A7A6-8B033975046B}.Release|Any CPU.ActiveCfg = Release|x64
		{DAEF7EF2-0799-4308-A7A6-8B033975046B}.Release|Any CPU.Build.0 = Release|x64
		{DAEF7EF2-0799-4308-A7A6-8B033975046B}.Release|x64.ActiveCfg = Release|x64
		{DAEF7EF2-0799-4308-A7A6-8B033975046B}.Release|x64.Build.0 = Release|x64
		{DAEF7EF2-0799-4308-A7A6-8B033975046B}.Release|x86.ActiveCfg = Release|Win32
		{DAEF7EF2-0799-4308-A7A6-8B033975046B}.Release|x86.Build.0 = Release|Win32
		{14CA01DE-4014-441B-9DC8-B0071DFB6121}.Debug|Any CPU.ActiveCfg = Debug|Any CPU
		{14CA01DE-4014-441B-9DC8-B0071DFB6121}.Debug|Any CPU.Build.0 = Debug|Any CPU
		{14CA01DE-4014-441B-9DC8-B0071DFB6121}.Debug|x64.ActiveCfg = Debug|Any CPU
		{14CA01DE-4014-441B-9DC8-B0071DFB6121}.Debug|x64.Build.0 = Debug|Any CPU
		{14CA01DE-4014-441B-9DC8-B0071DFB6121}.Debug|x86.ActiveCfg = Debug|Any CPU
		{14CA01DE-4014-441B-9DC8-B0071DFB6121}.Debug|x86.Build.0 = Debug|Any CPU
		{14CA01DE-4014-441B-9DC8-B0071DFB6121}.Release|Any CPU.ActiveCfg = Release|Any CPU
		{14CA01DE-4014-441B-9DC8-B0071DFB6121}.Release|Any CPU.Build.0 = Release|Any CPU
		{14CA01DE-4014-441B-9DC8-B0071DFB6121}.Release|x64.ActiveCfg = Release|Any CPU
		{14CA01DE-4014-441B-9DC8-B0071DFB6121}.Release|x64.Build.0 = Release|Any CPU
		{14CA01DE-4014-441B-9DC8-B0071DFB6121}.Release|x86.ActiveCfg = Release|Any CPU
		{14CA01DE-4014-441B-9DC8-B0071DFB6121}.Release|x86.Build.0 = Release|Any CPU
		{25503A09-3901-4A44-8DAE-6D7716027426}.Debug|Any CPU.ActiveCfg = Debug|Any CPU
		{25503A09-3901-4A44-8DAE-6D7716027426}.Debug|Any CPU.Build.0 = Debug|Any CPU
		{25503A09-3901-4A44-8DAE-6D7716027426}.Debug|x64.ActiveCfg = Debug|Any CPU
		{25503A09-3901-4A44-8DAE-6D7716027426}.Debug|x64.Build.0 = Debug|Any CPU
		{25503A09-3901-4A44-8DAE-6D7716027426}.Debug|x86.ActiveCfg = Debug|Any CPU
		{25503A09-3901-4A44-8DAE-6D7716027426}.Debug|x86.Build.0 = Debug|Any CPU
		{25503A09-3901-4A44-8DAE-6D7716027426}.Release|Any CPU.ActiveCfg = Release|Any CPU
		{25503A09-3901-4A44-8DAE-6D7716027426}.Release|Any CPU.Build.0 = Release|Any CPU
		{25503A09-3901-4A44-8DAE-6D7716027426}.Release|x64.ActiveCfg = Release|Any CPU
		{25503A09-3901-4A44-8DAE-6D7716027426}.Release|x64.Build.0 = Release|Any CPU
		{25503A09-3901-4A44-8DAE-6D7716027426}.Release|x86.ActiveCfg = Release|Any CPU
		{25503A09-3901-4A44-8DAE-6D7716027426}.Release|x86.Build.0 = Release|Any CPU
		{40ACB028-740C-43E8-AB61-64CCDDEFA2C7}.Debug|Any CPU.ActiveCfg = Debug|Any CPU
		{40ACB028-740C-43E8-AB61-64CCDDEFA2C7}.Debug|Any CPU.Build.0 = Debug|Any CPU
		{40ACB028-740C-43E8-AB61-64CCDDEFA2C7}.Debug|x64.ActiveCfg = Debug|Any CPU
		{40ACB028-740C-43E8-AB61-64CCDDEFA2C7}.Debug|x64.Build.0 = Debug|Any CPU
		{40ACB028-740C-43E8-AB61-64CCDDEFA2C7}.Debug|x86.ActiveCfg = Debug|Any CPU
		{40ACB028-740C-43E8-AB61-64CCDDEFA2C7}.Debug|x86.Build.0 = Debug|Any CPU
		{40ACB028-740C-43E8-AB61-64CCDDEFA2C7}.Release|Any CPU.ActiveCfg = Release|Any CPU
		{40ACB028-740C-43E8-AB61-64CCDDEFA2C7}.Release|Any CPU.Build.0 = Release|Any CPU
		{40ACB028-740C-43E8-AB61-64CCDDEFA2C7}.Release|x64.ActiveCfg = Release|Any CPU
		{40ACB028-740C-43E8-AB61-64CCDDEFA2C7}.Release|x64.Build.0 = Release|Any CPU
		{40ACB028-740C-43E8-AB61-64CCDDEFA2C7}.Release|x86.ActiveCfg = Release|Any CPU
		{40ACB028-740C-43E8-AB61-64CCDDEFA2C7}.Release|x86.Build.0 = Release|Any CPU
		{32D50465-035D-40B1-9359-FFE552BE4094}.Debug|Any CPU.ActiveCfg = Debug|Any CPU
		{32D50465-035D-40B1-9359-FFE552BE4094}.Debug|Any CPU.Build.0 = Debug|Any CPU
		{32D50465-035D-40B1-9359-FFE552BE4094}.Debug|x64.ActiveCfg = Debug|Any CPU
		{32D50465-035D-40B1-9359-FFE552BE4094}.Debug|x64.Build.0 = Debug|Any CPU
		{32D50465-035D-40B1-9359-FFE552BE4094}.Debug|x86.ActiveCfg = Debug|Any CPU
		{32D50465-035D-40B1-9359-FFE552BE4094}.Debug|x86.Build.0 = Debug|Any CPU
		{32D50465-035D-40B1-9359-FFE552BE4094}.Release|Any CPU.ActiveCfg = Release|Any CPU
		{32D50465-035D-40B1-9359-FFE552BE4094}.Release|Any CPU.Build.0 = Release|Any CPU
		{32D50465-035D-40B1-9359-FFE552BE4094}.Release|x64.ActiveCfg = Release|Any CPU
		{32D50465-035D-40B1-9359-FFE552BE4094}.Release|x64.Build.0 = Release|Any CPU
		{32D50465-035D-40B1-9359-FFE552BE4094}.Release|x86.ActiveCfg = Release|Any CPU
		{32D50465-035D-40B1-9359-FFE552BE4094}.Release|x86.Build.0 = Release|Any CPU
		{7E4DE1AD-510A-4D27-9FCE-322E6051CEE6}.Debug|Any CPU.ActiveCfg = Debug|x64
		{7E4DE1AD-510A-4D27-9FCE-322E6051CEE6}.Debug|Any CPU.Build.0 = Debug|x64
		{7E4DE1AD-510A-4D27-9FCE-322E6051CEE6}.Debug|x64.ActiveCfg = Debug|x64
		{7E4DE1AD-510A-4D27-9FCE-322E6051CEE6}.Debug|x64.Build.0 = Debug|x64
		{7E4DE1AD-510A-4D27-9FCE-322E6051CEE6}.Debug|x86.ActiveCfg = Debug|Win32
		{7E4DE1AD-510A-4D27-9FCE-322E6051CEE6}.Debug|x86.Build.0 = Debug|Win32
		{7E4DE1AD-510A-4D27-9FCE-322E6051CEE6}.Release|Any CPU.ActiveCfg = Release|x64
		{7E4DE1AD-510A-4D27-9FCE-322E6051CEE6}.Release|Any CPU.Build.0 = Release|x64
		{7E4DE1AD-510A-4D27-9FCE-322E6051CEE6}.Release|x64.ActiveCfg = Release|x64
		{7E4DE1AD-510A-4D27-9FCE-322E6051CEE6}.Release|x64.Build.0 = Release|x64
		{7E4DE1AD-510A-4D27-9FCE-322E6051CEE6}.Release|x86.ActiveCfg = Release|Win32
		{7E4DE1AD-510A-4D27-9FCE-322E6051CEE6}.Release|x86.Build.0 = Release|Win32
		{0842C9D6-821C-4FE3-936C-DB84C55B24C2}.Debug|Any CPU.ActiveCfg = Debug|Any CPU
		{0842C9D6-821C-4FE3-936C-DB84C55B24C2}.Debug|Any CPU.Build.0 = Debug|Any CPU
		{0842C9D6-821C-4FE3-936C-DB84C55B24C2}.Debug|x64.ActiveCfg = Debug|Any CPU
		{0842C9D6-821C-4FE3-936C-DB84C55B24C2}.Debug|x64.Build.0 = Debug|Any CPU
		{0842C9D6-821C-4FE3-936C-DB84C55B24C2}.Debug|x86.ActiveCfg = Debug|Any CPU
		{0842C9D6-821C-4FE3-936C-DB84C55B24C2}.Debug|x86.Build.0 = Debug|Any CPU
		{0842C9D6-821C-4FE3-936C-DB84C55B24C2}.Release|Any CPU.ActiveCfg = Release|Any CPU
		{0842C9D6-821C-4FE3-936C-DB84C55B24C2}.Release|Any CPU.Build.0 = Release|Any CPU
		{0842C9D6-821C-4FE3-936C-DB84C55B24C2}.Release|x64.ActiveCfg = Release|Any CPU
		{0842C9D6-821C-4FE3-936C-DB84C55B24C2}.Release|x64.Build.0 = Release|Any CPU
		{0842C9D6-821C-4FE3-936C-DB84C55B24C2}.Release|x86.ActiveCfg = Release|Any CPU
		{0842C9D6-821C-4FE3-936C-DB84C55B24C2}.Release|x86.Build.0 = Release|Any CPU
	EndGlobalSection
	GlobalSection(SolutionProperties) = preSolution
		HideSolutionNode = FALSE
	EndGlobalSection
	GlobalSection(NestedProjects) = preSolution
		{15203103-C77E-4FFB-8283-7A9A2AE7307A} = {E7F98D81-A484-4BE7-BEC9-0049D36E3E7F}
		{DAEF7EF2-0799-4308-A7A6-8B033975046B} = {FC56C8D4-8F07-4DF1-AF25-1F773B3EAFA1}
		{14CA01DE-4014-441B-9DC8-B0071DFB6121} = {BA3E1EFE-63A5-45B3-8E27-5C67739AE265}
		{25503A09-3901-4A44-8DAE-6D7716027426} = {BA3E1EFE-63A5-45B3-8E27-5C67739AE265}
		{40ACB028-740C-43E8-AB61-64CCDDEFA2C7} = {E7F98D81-A484-4BE7-BEC9-0049D36E3E7F}
		{32D50465-035D-40B1-9359-FFE552BE4094} = {B5A7D083-9F63-4418-83F3-114B7EC49543}
		{7E4DE1AD-510A-4D27-9FCE-322E6051CEE6} = {EA468CFB-7033-419C-B1C9-AE907B4F7DB6}
		{0842C9D6-821C-4FE3-936C-DB84C55B24C2} = {EA468CFB-7033-419C-B1C9-AE907B4F7DB6}
	EndGlobalSection
	GlobalSection(ExtensibilityGlobals) = postSolution
		SolutionGuid = {D9B70FB7-9C57-4DD8-B896-284F68AD31B2}
	EndGlobalSection
EndGlobal
